
Microsoft Visual Studio Solution File, Format Version 12.00
# Visual Studio Version 16
VisualStudioVersion = 16.0.30128.74
MinimumVisualStudioVersion = 10.0.40219.1
Project("{9A19103F-16F7-4668-BE54-9A1E7A4F7556}") = "CartExercise", "CartExercise.csproj", "{DB36548F-91AE-46BB-94D5-73EC9744C3EC}"
EndProject
Project("{9A19103F-16F7-4668-BE54-9A1E7A4F7556}") = "CartExcercise.UnitTest", "..\CartExcercise.UnitTest\CartExcercise.UnitTest.csproj", "{705516A0-E74A-47B5-B307-4714CE1AA78C}"
EndProject
Global
	GlobalSection(SolutionConfigurationPlatforms) = preSolution
		Debug|Any CPU = Debug|Any CPU
		Release|Any CPU = Release|Any CPU
	EndGlobalSection
	GlobalSection(ProjectConfigurationPlatforms) = postSolution
		{DB36548F-91AE-46BB-94D5-73EC9744C3EC}.Debug|Any CPU.ActiveCfg = Debug|Any CPU
		{DB36548F-91AE-46BB-94D5-73EC9744C3EC}.Debug|Any CPU.Build.0 = Debug|Any CPU
		{DB36548F-91AE-46BB-94D5-73EC9744C3EC}.Release|Any CPU.ActiveCfg = Release|Any CPU
		{DB36548F-91AE-46BB-94D5-73EC9744C3EC}.Release|Any CPU.Build.0 = Release|Any CPU
		{705516A0-E74A-47B5-B307-4714CE1AA78C}.Debug|Any CPU.ActiveCfg = Debug|Any CPU
		{705516A0-E74A-47B5-B307-4714CE1AA78C}.Debug|Any CPU.Build.0 = Debug|Any CPU
		{705516A0-E74A-47B5-B307-4714CE1AA78C}.Release|Any CPU.ActiveCfg = Release|Any CPU
		{705516A0-E74A-47B5-B307-4714CE1AA78C}.Release|Any CPU.Build.0 = Release|Any CPU
	EndGlobalSection
	GlobalSection(SolutionProperties) = preSolution
		HideSolutionNode = FALSE
	EndGlobalSection
	GlobalSection(ExtensibilityGlobals) = postSolution
		SolutionGuid = {88FE24D4-CFB7-42EA-B169-358F4919DB62}
	EndGlobalSection
EndGlobal
